dependencies:
  front-matter: 3.0.2
  globby: 9.2.0
  loader-utils: 1.2.3
  markdown-it: 8.4.2
  markdown-it-attrs: 2.3.4
  markdown-it-highlightjs: 3.0.0
  prettier: 1.17.0
lockfileVersion: 5
packages:
  /@mrmlnc/readdir-enhanced/2.2.1:
    dependencies:
      call-me-maybe: 1.0.1
      glob-to-regexp: 0.3.0
    dev: false
    engines:
      node: '>=4'
    resolution:
      integrity: sha512-bPHp6Ji8b41szTOcaP63VlnbbO5Ny6dwAATtY6JTjh5N2OLrb5Qk/Th5cRkRQhkWCt+EJsYrNB0MiL+Gpn6e3g==
  /@nodelib/fs.stat/1.1.3:
    dev: false
    engines:
      node: '>= 6'
    resolution:
      integrity: sha512-shAmDyaQC4H92APFoIaVDHCx5bStIocgvbwQyxPRrbUY20V1EYTbSDchWbuwlMG3V17cprZhA6+78JfB+3DTPw==
  /@types/events/3.0.0:
    dev: false
    resolution:
      integrity: sha512-EaObqwIvayI5a8dCzhFrjKzVwKLxjoG9T6Ppd5CEo07LRKfQ8Yokw54r5+Wq7FaBQ+yXRvQAYPrHwya1/UFt9g==
  /@types/glob/7.1.1:
    dependencies:
      '@types/events': 3.0.0
      '@types/minimatch': 3.0.3
      '@types/node': 12.0.0
    dev: false
    resolution:
      integrity: sha512-1Bh06cbWJUHMC97acuD6UMG29nMt0Aqz1vF3guLfG+kHHJhy3AyohZFFxYk2f7Q1SQIrNwvncxAE0N/9s70F2w==
  /@types/minimatch/3.0.3:
    dev: false
    resolution:
      integrity: sha512-tHq6qdbT9U1IRSGf14CL0pUlULksvY9OZ+5eEgl1N7t+OA3tGvNpxJCzuKQlsNgCVwbAs670L1vcVQi8j9HjnA==
  /@types/node/12.0.0:
    dev: false
    resolution:
      integrity: sha512-Jrb/x3HT4PTJp6a4avhmJCDEVrPdqLfl3e8GGMbpkGGdwAV5UGlIs4vVEfsHHfylZVOKZWpOqmqFH8CbfOZ6kg==
  /argparse/1.0.10:
    dependencies:
      sprintf-js: 1.0.3
    dev: false
    resolution:
      integrity: sha512-o5Roy6tNG4SL/FOkCAN6RzjiakZS25RLYFrcMttJqbdd8BWrnA+fGz57iN5Pb06pvBGvl5gQ0B48dJlslXvoTg==
  /arr-diff/4.0.0:
    dev: false
    engines:
      node: '>=0.10.0'
    resolution:
      integrity: sha1-1kYQdP6/7HHn4VI1dhoyml3HxSA=
  /arr-flatten/1.1.0:
    dev: false
    engines:
      node: '>=0.10.0'
    resolution:
      integrity: sha512-L3hKV5R/p5o81R7O02IGnwpDmkp6E982XhtbuwSe3O4qOtMMMtodicASA1Cny2U+aCXcNpml+m4dPsvsJ3jatg==
  /arr-union/3.1.0:
    dev: false
    engines:
      node: '>=0.10.0'
    resolution:
      integrity: sha1-45sJrqne+Gao8gbiiK9jkZuuOcQ=
  /array-union/1.0.2:
    dependencies:
      array-uniq: 1.0.3
    dev: false
    engines:
      node: '>=0.10.0'
    resolution:
      integrity: sha1-mjRBDk9OPaI96jdb5b5w8kd47Dk=
  /array-uniq/1.0.3:
    dev: false
    engines:
      node: '>=0.10.0'
    resolution:
      integrity: sha1-r2rId6Jcx/dOBYiUdThY39sk/bY=
  /array-unique/0.3.2:
    dev: false
    engines:
      node: '>=0.10.0'
    resolution:
      integrity: sha1-qJS3XUvE9s1nnvMkSp/Y9Gri1Cg=
  /assign-symbols/1.0.0:
    dev: false
    engines:
      node: '>=0.10.0'
    resolution:
      integrity: sha1-WWZ/QfrdTyDMvCu5a41Pf3jsA2c=
  /atob/2.1.2:
    dev: false
    engines:
      node: '>= 4.5.0'
    hasBin: true
    resolution:
      integrity: sha512-Wm6ukoaOGJi/73p/cl2GvLjTI5JM1k/O14isD73YML8StrH/7/lRFgmg8nICZgD3bZZvjwCGxtMOD3wWNAu8cg==
  /balanced-match/1.0.0:
    dev: false
    resolution:
      integrity: sha1-ibTRmasr7kneFk6gK4nORi1xt2c=
  /base/0.11.2:
    dependencies:
      cache-base: 1.0.1
      class-utils: 0.3.6
      component-emitter: 1.3.0
      define-property: 1.0.0
      isobject: 3.0.1
      mixin-deep: 1.3.1
      pascalcase: 0.1.1
    dev: false
    engines:
      node: '>=0.10.0'
    resolution:
      integrity: sha512-5T6P4xPgpp0YDFvSWwEZ4NoE3aM4QBQXDzmVbraCkFj8zHM+mba8SyqB5DbZWyR7mYHo6Y7BdQo3MoA4m0TeQg==
  /big.js/5.2.2:
    dev: false
    resolution:
      integrity: sha512-vyL2OymJxmarO8gxMr0mhChsO9QGwhynfuu4+MHTAW6czfq9humCB7rKpUjDd9YUiDPU4mzpyupFSvOClAwbmQ==
  /brace-expansion/1.1.11:
    dependencies:
      balanced-match: 1.0.0
      concat-map: 0.0.1
    dev: false
    resolution:
      integrity: sha512-iCuPHDFgrHX7H2vEI/5xpz07zSHB00TpugqhmYtVmMO6518mCuRMoOYFldEBl0g187ufozdaHgWKcYFb61qGiA==
  /braces/2.3.2:
    dependencies:
      arr-flatten: 1.1.0
      array-unique: 0.3.2
      extend-shallow: 2.0.1
      fill-range: 4.0.0
      isobject: 3.0.1
      repeat-element: 1.1.3
      snapdragon: 0.8.2
      snapdragon-node: 2.1.1
      split-string: 3.1.0
      to-regex: 3.0.2
    dev: false
    engines:
      node: '>=0.10.0'
    resolution:
      integrity: sha512-aNdbnj9P8PjdXU4ybaWLK2IF3jc/EoDYbC7AazW6to3TRsfXxscC9UXOB5iDiEQrkyIbWp2SLQda4+QAa7nc3w==
  /cache-base/1.0.1:
    dependencies:
      collection-visit: 1.0.0
      component-emitter: 1.3.0
      get-value: 2.0.6
      has-value: 1.0.0
      isobject: 3.0.1
      set-value: 2.0.0
      to-object-path: 0.3.0
      union-value: 1.0.0
      unset-value: 1.0.0
    dev: false
    engines:
      node: '>=0.10.0'
    resolution:
      integrity: sha512-AKcdTnFSWATd5/GCPRxr2ChwIJ85CeyrEyjRHlKxQ56d4XJMGym0uAiKn0xbLOGOl3+yRpOTi484dVCEc5AUzQ==
  /call-me-maybe/1.0.1:
    dev: false
    resolution:
      integrity: sha1-JtII6onje1y95gJQoV8DHBak1ms=
  /class-utils/0.3.6:
    dependencies:
      arr-union: 3.1.0
      define-property: 0.2.5
      isobject: 3.0.1
      static-extend: 0.1.2
    dev: false
    engines:
      node: '>=0.10.0'
    resolution:
      integrity: sha512-qOhPa/Fj7s6TY8H8esGu5QNpMMQxz79h+urzrNYN6mn+9BnxlDGf5QZ+XeCDsxSjPqsSR56XOZOJmpeurnLMeg==
  /collection-visit/1.0.0:
    dependencies:
      map-visit: 1.0.0
      object-visit: 1.0.1
    dev: false
    engines:
      node: '>=0.10.0'
    resolution:
      integrity: sha1-S8A3PBZLwykbTTaMgpzxqApZ3KA=
  /component-emitter/1.3.0:
    dev: false
    resolution:
      integrity: sha512-Rd3se6QB+sO1TwqZjscQrurpEPIfO0/yYnSin6Q/rD3mOutHvUrCAhJub3r90uNb+SESBuE0QYoB90YdfatsRg==
  /concat-map/0.0.1:
    dev: false
    resolution:
      integrity: sha1-2Klr13/Wjfd5OnMDajug1UBdR3s=
  /copy-descriptor/0.1.1:
    dev: false
    engines:
      node: '>=0.10.0'
    resolution:
      integrity: sha1-Z29us8OZl8LuGsOpJP1hJHSPV40=
  /debug/2.6.9:
    dependencies:
      ms: 2.0.0
    dev: false
    resolution:
      integrity: sha512-bC7ElrdJaJnPbAP+1EotYvqZsb3ecl5wi6Bfi6BJTUcNowp6cvspg0jXznRTKDjm/E7AdgFBVeAPVMNcKGsHMA==
  /decode-uri-component/0.2.0:
    dev: false
    engines:
      node: '>=0.10'
    resolution:
      integrity: sha1-6zkTMzRYd1y4TNGh+uBiEGu4dUU=
  /define-property/0.2.5:
    dependencies:
      is-descriptor: 0.1.6
    dev: false
    engines:
      node: '>=0.10.0'
    resolution:
      integrity: sha1-w1se+RjsPJkPmlvFe+BKrOxcgRY=
  /define-property/1.0.0:
    dependencies:
      is-descriptor: 1.0.2
    dev: false
    engines:
      node: '>=0.10.0'
    resolution:
      integrity: sha1-dp66rz9KY6rTr56NMEybvnm/sOY=
  /define-property/2.0.2:
    dependencies:
      is-descriptor: 1.0.2
      isobject: 3.0.1
    dev: false
    engines:
      node: '>=0.10.0'
    resolution:
      integrity: sha512-jwK2UV4cnPpbcG7+VRARKTZPUWowwXA8bzH5NP6ud0oeAxyYPuGZUAC7hMugpCdz4BeSZl2Dl9k66CHJ/46ZYQ==
  /dir-glob/2.2.2:
    dependencies:
      path-type: 3.0.0
    dev: false
    engines:
      node: '>=4'
    resolution:
      integrity: sha512-f9LBi5QWzIW3I6e//uxZoLBlUt9kcp66qo0sSCxL6YZKc75R1c4MFCoe/LaZiBGmgujvQdxc5Bn3QhfyvK5Hsw==
  /emojis-list/2.1.0:
    dev: false
    engines:
      node: '>= 0.10'
    resolution:
      integrity: sha1-TapNnbAPmBmIDHn6RXrlsJof04k=
  /entities/1.1.2:
    dev: false
    resolution:
      integrity: sha512-f2LZMYl1Fzu7YSBKg+RoROelpOaNrcGmE9AZubeDfrCEia483oW4MI4VyFd5VNHIgQ/7qm1I0wUHK1eJnn2y2w==
  /esprima/4.0.1:
    dev: false
    engines:
      node: '>=4'
    hasBin: true
    resolution:
      integrity: sha512-eGuFFw7Upda+g4p+QHvnW0RyTX/SVeJBDM/gCtMARO0cLuT2HcEKnTPvhjV6aGeqrCB/sbNop0Kszm0jsaWU4A==
  /expand-brackets/2.1.4:
    dependencies:
      debug: 2.6.9
      define-property: 0.2.5
      extend-shallow: 2.0.1
      posix-character-classes: 0.1.1
      regex-not: 1.0.2
      snapdragon: 0.8.2
      to-regex: 3.0.2
    dev: false
    engines:
      node: '>=0.10.0'
    resolution:
      integrity: sha1-t3c14xXOMPa27/D4OwQVGiJEliI=
  /extend-shallow/2.0.1:
    dependencies:
      is-extendable: 0.1.1
    dev: false
    engines:
      node: '>=0.10.0'
    resolution:
      integrity: sha1-Ua99YUrZqfYQ6huvu5idaxxWiQ8=
  /extend-shallow/3.0.2:
    dependencies:
      assign-symbols: 1.0.0
      is-extendable: 1.0.1
    dev: false
    engines:
      node: '>=0.10.0'
    resolution:
      integrity: sha1-Jqcarwc7OfshJxcnRhMcJwQCjbg=
  /extglob/2.0.4:
    dependencies:
      array-unique: 0.3.2
      define-property: 1.0.0
      expand-brackets: 2.1.4
      extend-shallow: 2.0.1
      fragment-cache: 0.2.1
      regex-not: 1.0.2
      snapdragon: 0.8.2
      to-regex: 3.0.2
    dev: false
    engines:
      node: '>=0.10.0'
    resolution:
      integrity: sha512-Nmb6QXkELsuBr24CJSkilo6UHHgbekK5UiZgfE6UHD3Eb27YC6oD+bhcT+tJ6cl8dmsgdQxnWlcry8ksBIBLpw==
  /fast-glob/2.2.6:
    dependencies:
      '@mrmlnc/readdir-enhanced': 2.2.1
      '@nodelib/fs.stat': 1.1.3
      glob-parent: 3.1.0
      is-glob: 4.0.1
      merge2: 1.2.3
      micromatch: 3.1.10
    dev: false
    engines:
      node: '>=4.0.0'
    resolution:
      integrity: sha512-0BvMaZc1k9F+MeWWMe8pL6YltFzZYcJsYU7D4JyDA6PAczaXvxqQQ/z+mDF7/4Mw01DeUc+i3CTKajnkANkV4w==
  /fill-range/4.0.0:
    dependencies:
      extend-shallow: 2.0.1
      is-number: 3.0.0
      repeat-string: 1.6.1
      to-regex-range: 2.1.1
    dev: false
    engines:
      node: '>=0.10.0'
    resolution:
      integrity: sha1-1USBHUKPmOsGpj3EAtJAPDKMOPc=
  /for-in/1.0.2:
    dev: false
    engines:
      node: '>=0.10.0'
    resolution:
      integrity: sha1-gQaNKVqBQuwKxybG4iAMMPttXoA=
  /fragment-cache/0.2.1:
    dependencies:
      map-cache: 0.2.2
    dev: false
    engines:
      node: '>=0.10.0'
    resolution:
      integrity: sha1-QpD60n8T6Jvn8zeZxrxaCr//DRk=
  /front-matter/3.0.2:
    dependencies:
      js-yaml: 3.13.1
    dev: false
    resolution:
      integrity: sha512-iBGZaWyzqgsrPGsqrXZP6N4hp5FzSKDi18nfAoYpgz3qK5sAwFv/ojmn3VS60SOgLvq6CtojNqy0y6ZNz05IzQ==
  /fs.realpath/1.0.0:
    dev: false
    resolution:
      integrity: sha1-FQStJSMVjKpA20onh8sBQRmU6k8=
  /get-value/2.0.6:
    dev: false
    engines:
      node: '>=0.10.0'
    resolution:
      integrity: sha1-3BXKHGcjh8p2vTesCjlbogQqLCg=
  /glob-parent/3.1.0:
    dependencies:
      is-glob: 3.1.0
      path-dirname: 1.0.2
    dev: false
    resolution:
      integrity: sha1-nmr2KZ2NO9K9QEMIMr0RPfkGxa4=
  /glob-to-regexp/0.3.0:
    dev: false
    resolution:
      integrity: sha1-jFoUlNIGbFcMw7/kSWF1rMTVAqs=
  /glob/7.1.4:
    dependencies:
      fs.realpath: 1.0.0
      inflight: 1.0.6
      inherits: 2.0.3
      minimatch: 3.0.4
      once: 1.4.0
      path-is-absolute: 1.0.1
    dev: false
    resolution:
      integrity: sha512-hkLPepehmnKk41pUGm3sYxoFs/umurYfYJCerbXEyFIWcAzvpipAgVkBqqT9RBKMGjnq6kMuyYwha6csxbiM1A==
  /globby/9.2.0:
    dependencies:
      '@types/glob': 7.1.1
      array-union: 1.0.2
      dir-glob: 2.2.2
      fast-glob: 2.2.6
      glob: 7.1.4
      ignore: 4.0.6
      pify: 4.0.1
      slash: 2.0.0
    dev: false
    engines:
      node: '>=6'
    resolution:
      integrity: sha512-ollPHROa5mcxDEkwg6bPt3QbEf4pDQSNtd6JPL1YvOvAo/7/0VAm9TccUeoTmarjPw4pfUthSCqcyfNB1I3ZSg==
  /has-value/0.3.1:
    dependencies:
      get-value: 2.0.6
      has-values: 0.1.4
      isobject: 2.1.0
    dev: false
    engines:
      node: '>=0.10.0'
    resolution:
      integrity: sha1-ex9YutpiyoJ+wKIHgCVlSEWZXh8=
  /has-value/1.0.0:
    dependencies:
      get-value: 2.0.6
      has-values: 1.0.0
      isobject: 3.0.1
    dev: false
    engines:
      node: '>=0.10.0'
    resolution:
      integrity: sha1-GLKB2lhbHFxR3vJMkw7SmgvmsXc=
  /has-values/0.1.4:
    dev: false
    engines:
      node: '>=0.10.0'
    resolution:
      integrity: sha1-bWHeldkd/Km5oCCJrThL/49it3E=
  /has-values/1.0.0:
    dependencies:
      is-number: 3.0.0
      kind-of: 4.0.0
    dev: false
    engines:
      node: '>=0.10.0'
    resolution:
      integrity: sha1-lbC2P+whRmGab+V/51Yo1aOe/k8=
  /highlight.js/9.15.6:
    dev: false
    resolution:
      integrity: sha512-zozTAWM1D6sozHo8kqhfYgsac+B+q0PmsjXeyDrYIHHcBN0zTVT66+s2GW1GZv7DbyaROdLXKdabwS/WqPyIdQ==
  /ignore/4.0.6:
    dev: false
    engines:
      node: '>= 4'
    resolution:
      integrity: sha512-cyFDKrqc/YdcWFniJhzI42+AzS+gNwmUzOSFcRCQYwySuBBBy/KjuxWLZ/FHEH6Moq1NizMOBWyTcv8O4OZIMg==
  /inflight/1.0.6:
    dependencies:
      once: 1.4.0
      wrappy: 1.0.2
    dev: false
    resolution:
      integrity: sha1-Sb1jMdfQLQwJvJEKEHW6gWW1bfk=
  /inherits/2.0.3:
    dev: false
    resolution:
      integrity: sha1-Yzwsg+PaQqUC9SRmAiSA9CCCYd4=
  /is-accessor-descriptor/0.1.6:
    dependencies:
      kind-of: 3.2.2
    dev: false
    engines:
      node: '>=0.10.0'
    resolution:
      integrity: sha1-qeEss66Nh2cn7u84Q/igiXtcmNY=
  /is-accessor-descriptor/1.0.0:
    dependencies:
      kind-of: 6.0.2
    dev: false
    engines:
      node: '>=0.10.0'
    resolution:
      integrity: sha512-m5hnHTkcVsPfqx3AKlyttIPb7J+XykHvJP2B9bZDjlhLIoEq4XoK64Vg7boZlVWYK6LUY94dYPEE7Lh0ZkZKcQ==
  /is-buffer/1.1.6:
    dev: false
    resolution:
      integrity: sha512-NcdALwpXkTm5Zvvbk7owOUSvVvBKDgKP5/ewfXEznmQFfs4ZRmanOeKBTjRVjka3QFoN6XJ+9F3USqfHqTaU5w==
  /is-data-descriptor/0.1.4:
    dependencies:
      kind-of: 3.2.2
    dev: false
    engines:
      node: '>=0.10.0'
    resolution:
      integrity: sha1-C17mSDiOLIYCgueT8YVv7D8wG1Y=
  /is-data-descriptor/1.0.0:
    dependencies:
      kind-of: 6.0.2
    dev: false
    engines:
      node: '>=0.10.0'
    resolution:
      integrity: sha512-jbRXy1FmtAoCjQkVmIVYwuuqDFUbaOeDjmed1tOGPrsMhtJA4rD9tkgA0F1qJ3gRFRXcHYVkdeaP50Q5rE/jLQ==
  /is-descriptor/0.1.6:
    dependencies:
      is-accessor-descriptor: 0.1.6
      is-data-descriptor: 0.1.4
      kind-of: 5.1.0
    dev: false
    engines:
      node: '>=0.10.0'
    resolution:
      integrity: sha512-avDYr0SB3DwO9zsMov0gKCESFYqCnE4hq/4z3TdUlukEy5t9C0YRq7HLrsN52NAcqXKaepeCD0n+B0arnVG3Hg==
  /is-descriptor/1.0.2:
    dependencies:
      is-accessor-descriptor: 1.0.0
      is-data-descriptor: 1.0.0
      kind-of: 6.0.2
    dev: false
    engines:
      node: '>=0.10.0'
    resolution:
      integrity: sha512-2eis5WqQGV7peooDyLmNEPUrps9+SXX5c9pL3xEB+4e9HnGuDa7mB7kHxHw4CbqS9k1T2hOH3miL8n8WtiYVtg==
  /is-extendable/0.1.1:
    dev: false
    engines:
      node: '>=0.10.0'
    resolution:
      integrity: sha1-YrEQ4omkcUGOPsNqYX1HLjAd/Ik=
  /is-extendable/1.0.1:
    dependencies:
      is-plain-object: 2.0.4
    dev: false
    engines:
      node: '>=0.10.0'
    resolution:
      integrity: sha512-arnXMxT1hhoKo9k1LZdmlNyJdDDfy2v0fXjFlmok4+i8ul/6WlbVge9bhM74OpNPQPMGUToDtz+KXa1PneJxOA==
  /is-extglob/2.1.1:
    dev: false
    engines:
      node: '>=0.10.0'
    resolution:
      integrity: sha1-qIwCU1eR8C7TfHahueqXc8gz+MI=
  /is-glob/3.1.0:
    dependencies:
      is-extglob: 2.1.1
    dev: false
    engines:
      node: '>=0.10.0'
    resolution:
      integrity: sha1-e6WuJCF4BKxwcHuWkiVnSGzD6Eo=
  /is-glob/4.0.1:
    dependencies:
      is-extglob: 2.1.1
    dev: false
    engines:
      node: '>=0.10.0'
    resolution:
      integrity: sha512-5G0tKtBTFImOqDnLB2hG6Bp2qcKEFduo4tZu9MT/H6NQv/ghhy30o55ufafxJ/LdH79LLs2Kfrn85TLKyA7BUg==
  /is-number/3.0.0:
    dependencies:
      kind-of: 3.2.2
    dev: false
    engines:
      node: '>=0.10.0'
    resolution:
      integrity: sha1-JP1iAaR4LPUFYcgQJ2r8fRLXEZU=
  /is-plain-object/2.0.4:
    dependencies:
      isobject: 3.0.1
    dev: false
    engines:
      node: '>=0.10.0'
    resolution:
      integrity: sha512-h5PpgXkWitc38BBMYawTYMWJHFZJVnBquFE57xFpjB8pJFiF6gZ+bU+WyI/yqXiFR5mdLsgYNaPe8uao6Uv9Og==
  /is-windows/1.0.2:
    dev: false
    engines:
      node: '>=0.10.0'
    resolution:
      integrity: sha512-eXK1UInq2bPmjyX6e3VHIzMLobc4J94i4AWn+Hpq3OU5KkrRC96OAcR3PRJ/pGu6m8TRnBHP9dkXQVsT/COVIA==
  /isarray/1.0.0:
    dev: false
    resolution:
      integrity: sha1-u5NdSFgsuhaMBoNJV6VKPgcSTxE=
  /isobject/2.1.0:
    dependencies:
      isarray: 1.0.0
    dev: false
    engines:
      node: '>=0.10.0'
    resolution:
      integrity: sha1-8GVWEJaj8dou9GJy+BXIQNh+DIk=
  /isobject/3.0.1:
    dev: false
    engines:
      node: '>=0.10.0'
    resolution:
      integrity: sha1-TkMekrEalzFjaqH5yNHMvP2reN8=
  /js-yaml/3.13.1:
    dependencies:
      argparse: 1.0.10
      esprima: 4.0.1
    dev: false
    hasBin: true
    resolution:
      integrity: sha512-YfbcO7jXDdyj0DGxYVSlSeQNHbD7XPWvrVWeVUujrQEoZzWJIRrCPoyk6kL6IAjAG2IolMK4T0hNUe0HOUs5Jw==
  /json5/1.0.1:
    dependencies:
      minimist: 1.2.0
    dev: false
    hasBin: true
    resolution:
      integrity: sha512-aKS4WQjPenRxiQsC93MNfjx+nbF4PAdYzmd/1JIj8HYzqfbu86beTuNgXDzPknWk0n0uARlyewZo4s++ES36Ow==
  /kind-of/3.2.2:
    dependencies:
      is-buffer: 1.1.6
    dev: false
    engines:
      node: '>=0.10.0'
    resolution:
      integrity: sha1-MeohpzS6ubuw8yRm2JOupR5KPGQ=
  /kind-of/4.0.0:
    dependencies:
      is-buffer: 1.1.6
    dev: false
    engines:
      node: '>=0.10.0'
    resolution:
      integrity: sha1-IIE989cSkosgc3hpGkUGb65y3Vc=
  /kind-of/5.1.0:
    dev: false
    engines:
      node: '>=0.10.0'
    resolution:
      integrity: sha512-NGEErnH6F2vUuXDh+OlbcKW7/wOcfdRHaZ7VWtqCztfHri/++YKmP51OdWeGPuqCOba6kk2OTe5d02VmTB80Pw==
  /kind-of/6.0.2:
    dev: false
    engines:
      node: '>=0.10.0'
    resolution:
      integrity: sha512-s5kLOcnH0XqDO+FvuaLX8DDjZ18CGFk7VygH40QoKPUQhW4e2rvM0rwUq0t8IQDOwYSeLK01U90OjzBTme2QqA==
  /linkify-it/2.1.0:
    dependencies:
      uc.micro: 1.0.6
    dev: false
    resolution:
      integrity: sha512-4REs8/062kV2DSHxNfq5183zrqXMl7WP0WzABH9IeJI+NLm429FgE1PDecltYfnOoFDFlZGh2T8PfZn0r+GTRg==
  /loader-utils/1.2.3:
    dependencies:
      big.js: 5.2.2
      emojis-list: 2.1.0
      json5: 1.0.1
    dev: false
    engines:
      node: '>=4.0.0'
    resolution:
      integrity: sha512-fkpz8ejdnEMG3s37wGL07iSBDg99O9D5yflE9RGNH3hRdx9SOwYfnGYdZOUIZitN8E+E2vkq3MUMYMvPYl5ZZA==
  /lodash.flow/3.5.0:
    dev: false
    resolution:
      integrity: sha1-h79AKSuM+D5OjOGjrkIJ4gBxZ1o=
  /map-cache/0.2.2:
    dev: false
    engines:
      node: '>=0.10.0'
    resolution:
      integrity: sha1-wyq9C9ZSXZsFFkW7TyasXcmKDb8=
  /map-visit/1.0.0:
    dependencies:
      object-visit: 1.0.1
    dev: false
    engines:
      node: '>=0.10.0'
    resolution:
      integrity: sha1-7Nyo8TFE5mDxtb1B8S80edmN+48=
  /markdown-it-attrs/2.3.4:
    dev: false
    engines:
      node: '>=6'
    peerDependencies:
      markdown-it: ^8.4.2
    resolution:
      integrity: sha512-DwGzugbveSUfRiUuxIC7svr8i+x3e3/eUJ7U7GRduNa2SO5Qyd2rZtjx6j0c3uS2xCIddZFcydEVlbg6C3s2vA==
  /markdown-it-highlightjs/3.0.0:
    dependencies:
      highlight.js: 9.15.6
      lodash.flow: 3.5.0
    dev: false
    resolution:
      integrity: sha1-7T3WGcormOa/IRLRY79EQEM0AhA=
  /markdown-it/8.4.2:
    dependencies:
      argparse: 1.0.10
      entities: 1.1.2
      linkify-it: 2.1.0
      mdurl: 1.0.1
      uc.micro: 1.0.6
    dev: false
    hasBin: true
    resolution:
      integrity: sha512-GcRz3AWTqSUphY3vsUqQSFMbgR38a4Lh3GWlHRh/7MRwz8mcu9n2IO7HOh+bXHrR9kOPDl5RNCaEsrneb+xhHQ==
  /mdurl/1.0.1:
    dev: false
    resolution:
      integrity: sha1-/oWy7HWlkDfyrf7BAP1sYBdhFS4=
  /merge2/1.2.3:
    dev: false
    engines:
      node: '>= 4.5.0'
    resolution:
      integrity: sha512-gdUU1Fwj5ep4kplwcmftruWofEFt6lfpkkr3h860CXbAB9c3hGb55EOL2ali0Td5oebvW0E1+3Sr+Ur7XfKpRA==
  /micromatch/3.1.10:
    dependencies:
      arr-diff: 4.0.0
      array-unique: 0.3.2
      braces: 2.3.2
      define-property: 2.0.2
      extend-shallow: 3.0.2
      extglob: 2.0.4
      fragment-cache: 0.2.1
      kind-of: 6.0.2
      nanomatch: 1.2.13
      object.pick: 1.3.0
      regex-not: 1.0.2
      snapdragon: 0.8.2
      to-regex: 3.0.2
    dev: false
    engines:
      node: '>=0.10.0'
    resolution:
      integrity: sha512-MWikgl9n9M3w+bpsY3He8L+w9eF9338xRl8IAO5viDizwSzziFEyUzo2xrrloB64ADbTf8uA8vRqqttDTOmccg==
  /minimatch/3.0.4:
    dependencies:
      brace-expansion: 1.1.11
    dev: false
    resolution:
      integrity: sha512-yJHVQEhyqPLUTgt9B83PXu6W3rx4MvvHvSUvToogpwoGDOUQ+yDrR0HRot+yOCdCO7u4hX3pWft6kWBBcqh0UA==
  /minimist/1.2.0:
    dev: false
    resolution:
      integrity: sha1-o1AIsg9BOD7sH7kU9M1d95omQoQ=
  /mixin-deep/1.3.1:
    dependencies:
      for-in: 1.0.2
      is-extendable: 1.0.1
    dev: false
    engines:
      node: '>=0.10.0'
    resolution:
      integrity: sha512-8ZItLHeEgaqEvd5lYBXfm4EZSFCX29Jb9K+lAHhDKzReKBQKj3R+7NOF6tjqYi9t4oI8VUfaWITJQm86wnXGNQ==
  /ms/2.0.0:
    dev: false
    resolution:
      integrity: sha1-VgiurfwAvmwpAd9fmGF4jeDVl8g=
  /nanomatch/1.2.13:
    dependencies:
      arr-diff: 4.0.0
      array-unique: 0.3.2
      define-property: 2.0.2
      extend-shallow: 3.0.2
      fragment-cache: 0.2.1
      is-windows: 1.0.2
      kind-of: 6.0.2
      object.pick: 1.3.0
      regex-not: 1.0.2
      snapdragon: 0.8.2
      to-regex: 3.0.2
    dev: false
    engines:
      node: '>=0.10.0'
    resolution:
      integrity: sha512-fpoe2T0RbHwBTBUOftAfBPaDEi06ufaUai0mE6Yn1kacc3SnTErfb/h+X94VXzI64rKFHYImXSvdwGGCmwOqCA==
  /object-copy/0.1.0:
    dependencies:
      copy-descriptor: 0.1.1
      define-property: 0.2.5
      kind-of: 3.2.2
    dev: false
    engines:
      node: '>=0.10.0'
    resolution:
      integrity: sha1-fn2Fi3gb18mRpBupde04EnVOmYw=
  /object-visit/1.0.1:
    dependencies:
      isobject: 3.0.1
    dev: false
    engines:
      node: '>=0.10.0'
    resolution:
      integrity: sha1-95xEk68MU3e1n+OdOV5BBC3QRbs=
  /object.pick/1.3.0:
    dependencies:
      isobject: 3.0.1
    dev: false
    engines:
      node: '>=0.10.0'
    resolution:
      integrity: sha1-h6EKxMFpS9Lhy/U1kaZhQftd10c=
  /once/1.4.0:
    dependencies:
      wrappy: 1.0.2
    dev: false
    resolution:
      integrity: sha1-WDsap3WWHUsROsF9nFC6753Xa9E=
  /pascalcase/0.1.1:
    dev: false
    engines:
      node: '>=0.10.0'
    resolution:
      integrity: sha1-s2PlXoAGym/iF4TS2yK9FdeRfxQ=
  /path-dirname/1.0.2:
    dev: false
    resolution:
      integrity: sha1-zDPSTVJeCZpTiMAzbG4yuRYGCeA=
  /path-is-absolute/1.0.1:
    dev: false
    engines:
      node: '>=0.10.0'
    resolution:
      integrity: sha1-F0uSaHNVNP+8es5r9TpanhtcX18=
  /path-type/3.0.0:
    dependencies:
      pify: 3.0.0
    dev: false
    engines:
      node: '>=4'
    resolution:
      integrity: sha512-T2ZUsdZFHgA3u4e5PfPbjd7HDDpxPnQb5jN0SrDsjNSuVXHJqtwTnWqG0B1jZrgmJ/7lj1EmVIByWt1gxGkWvg==
  /pify/3.0.0:
    dev: false
    engines:
      node: '>=4'
    resolution:
      integrity: sha1-5aSs0sEB/fPZpNB/DbxNtJ3SgXY=
  /pify/4.0.1:
    dev: false
    engines:
      node: '>=6'
    resolution:
      integrity: sha512-uB80kBFb/tfd68bVleG9T5GGsGPjJrLAUpR5PZIrhBnIaRTQRjqdJSsIKkOP6OAIFbj7GOrcudc5pNjZ+geV2g==
  /posix-character-classes/0.1.1:
    dev: false
    engines:
      node: '>=0.10.0'
    resolution:
      integrity: sha1-AerA/jta9xoqbAL+q7jB/vfgDqs=
  /prettier/1.17.0:
    dev: false
    engines:
      node: '>=4'
    hasBin: true
    resolution:
      integrity: sha512-sXe5lSt2WQlCbydGETgfm1YBShgOX4HxQkFPvbxkcwgDvGDeqVau8h+12+lmSVlP3rHPz0oavfddSZg/q+Szjw==
  /regex-not/1.0.2:
    dependencies:
      extend-shallow: 3.0.2
      safe-regex: 1.1.0
    dev: false
    engines:
      node: '>=0.10.0'
    resolution:
      integrity: sha512-J6SDjUgDxQj5NusnOtdFxDwN/+HWykR8GELwctJ7mdqhcyy1xEc4SRFHUXvxTp661YaVKAjfRLZ9cCqS6tn32A==
  /repeat-element/1.1.3:
    dev: false
    engines:
      node: '>=0.10.0'
    resolution:
      integrity: sha512-ahGq0ZnV5m5XtZLMb+vP76kcAM5nkLqk0lpqAuojSKGgQtn4eRi4ZZGm2olo2zKFH+sMsWaqOCW1dqAnOru72g==
  /repeat-string/1.6.1:
    dev: false
    engines:
      node: '>=0.10'
    resolution:
      integrity: sha1-jcrkcOHIirwtYA//Sndihtp15jc=
  /resolve-url/0.2.1:
    dev: false
    resolution:
      integrity: sha1-LGN/53yJOv0qZj/iGqkIAGjiBSo=
  /ret/0.1.15:
    dev: false
    engines:
      node: '>=0.12'
    resolution:
      integrity: sha512-TTlYpa+OL+vMMNG24xSlQGEJ3B/RzEfUlLct7b5G/ytav+wPrplCpVMFuwzXbkecJrb6IYo1iFb0S9v37754mg==
  /safe-regex/1.1.0:
    dependencies:
      ret: 0.1.15
    dev: false
    resolution:
      integrity: sha1-QKNmnzsHfR6UPURinhV91IAjvy4=
  /set-value/0.4.3:
    dependencies:
      extend-shallow: 2.0.1
      is-extendable: 0.1.1
      is-plain-object: 2.0.4
      to-object-path: 0.3.0
    dev: false
    engines:
      node: '>=0.10.0'
    resolution:
      integrity: sha1-fbCPnT0i3H945Trzw79GZuzfzPE=
  /set-value/2.0.0:
    dependencies:
      extend-shallow: 2.0.1
      is-extendable: 0.1.1
      is-plain-object: 2.0.4
      split-string: 3.1.0
    dev: false
    engines:
      node: '>=0.10.0'
    resolution:
      integrity: sha512-hw0yxk9GT/Hr5yJEYnHNKYXkIA8mVJgd9ditYZCe16ZczcaELYYcfvaXesNACk2O8O0nTiPQcQhGUQj8JLzeeg==
  /slash/2.0.0:
    dev: false
    engines:
      node: '>=6'
    resolution:
      integrity: sha512-ZYKh3Wh2z1PpEXWr0MpSBZ0V6mZHAQfYevttO11c51CaWjGTaadiKZ+wVt1PbMlDV5qhMFslpZCemhwOK7C89A==
  /snapdragon-node/2.1.1:
    dependencies:
      define-property: 1.0.0
      isobject: 3.0.1
      snapdragon-util: 3.0.1
    dev: false
    engines:
      node: '>=0.10.0'
    resolution:
      integrity: sha512-O27l4xaMYt/RSQ5TR3vpWCAB5Kb/czIcqUFOM/C4fYcLnbZUc1PkjTAMjof2pBWaSTwOUd6qUHcFGVGj7aIwnw==
  /snapdragon-util/3.0.1:
    dependencies:
      kind-of: 3.2.2
    dev: false
    engines:
      node: '>=0.10.0'
    resolution:
      integrity: sha512-mbKkMdQKsjX4BAL4bRYTj21edOf8cN7XHdYUJEe+Zn99hVEYcMvKPct1IqNe7+AZPirn8BCDOQBHQZknqmKlZQ==
  /snapdragon/0.8.2:
    dependencies:
      base: 0.11.2
      debug: 2.6.9
      define-property: 0.2.5
      extend-shallow: 2.0.1
      map-cache: 0.2.2
      source-map: 0.5.7
      source-map-resolve: 0.5.2
      use: 3.1.1
    dev: false
    engines:
      node: '>=0.10.0'
    resolution:
      integrity: sha512-FtyOnWN/wCHTVXOMwvSv26d+ko5vWlIDD6zoUJ7LW8vh+ZBC8QdljveRP+crNrtBwioEUWy/4dMtbBjA4ioNlg==
  /source-map-resolve/0.5.2:
    dependencies:
      atob: 2.1.2
      decode-uri-component: 0.2.0
      resolve-url: 0.2.1
      source-map-url: 0.4.0
      urix: 0.1.0
    dev: false
    resolution:
      integrity: sha512-MjqsvNwyz1s0k81Goz/9vRBe9SZdB09Bdw+/zYyO+3CuPk6fouTaxscHkgtE8jKvf01kVfl8riHzERQ/kefaSA==
  /source-map-url/0.4.0:
    dev: false
    resolution:
      integrity: sha1-PpNdfd1zYxuXZZlW1VEo6HtQhKM=
  /source-map/0.5.7:
    dev: false
    engines:
      node: '>=0.10.0'
    resolution:
      integrity: sha1-igOdLRAh0i0eoUyA2OpGi6LvP8w=
  /split-string/3.1.0:
    dependencies:
      extend-shallow: 3.0.2
    dev: false
    engines:
      node: '>=0.10.0'
    resolution:
      integrity: sha512-NzNVhJDYpwceVVii8/Hu6DKfD2G+NrQHlS/V/qgv763EYudVwEcMQNxd2lh+0VrUByXN/oJkl5grOhYWvQUYiw==
  /sprintf-js/1.0.3:
    dev: false
    resolution:
      integrity: sha1-BOaSb2YolTVPPdAVIDYzuFcpfiw=
  /static-extend/0.1.2:
    dependencies:
      define-property: 0.2.5
      object-copy: 0.1.0
    dev: false
    engines:
      node: '>=0.10.0'
    resolution:
      integrity: sha1-YICcOcv/VTNyJv1eC1IPNB8ftcY=
  /to-object-path/0.3.0:
    dependencies:
      kind-of: 3.2.2
    dev: false
    engines:
      node: '>=0.10.0'
    resolution:
      integrity: sha1-KXWIt7Dn4KwI4E5nL4XB9JmeF68=
  /to-regex-range/2.1.1:
    dependencies:
      is-number: 3.0.0
      repeat-string: 1.6.1
    dev: false
    engines:
      node: '>=0.10.0'
    resolution:
      integrity: sha1-fIDBe53+vlmeJzZ+DU3VWQFB2zg=
  /to-regex/3.0.2:
    dependencies:
      define-property: 2.0.2
      extend-shallow: 3.0.2
      regex-not: 1.0.2
      safe-regex: 1.1.0
    dev: false
    engines:
      node: '>=0.10.0'
    resolution:
      integrity: sha512-FWtleNAtZ/Ki2qtqej2CXTOayOH9bHDQF+Q48VpWyDXjbYxA4Yz8iDB31zXOBUlOHHKidDbqGVrTUvQMPmBGBw==
  /uc.micro/1.0.6:
    dev: false
    resolution:
      integrity: sha512-8Y75pvTYkLJW2hWQHXxoqRgV7qb9B+9vFEtidML+7koHUFapnVJAZ6cKs+Qjz5Aw3aZWHMC6u0wJE3At+nSGwA==
  /union-value/1.0.0:
    dependencies:
      arr-union: 3.1.0
      get-value: 2.0.6
      is-extendable: 0.1.1
      set-value: 0.4.3
    dev: false
    engines:
      node: '>=0.10.0'
    resolution:
      integrity: sha1-XHHDTLW61dzr4+oM0IIHulqhrqQ=
  /unset-value/1.0.0:
    dependencies:
      has-value: 0.3.1
      isobject: 3.0.1
    dev: false
    engines:
      node: '>=0.10.0'
    resolution:
      integrity: sha1-g3aHP30jNRef+x5vw6jtDfyKtVk=
  /urix/0.1.0:
    dev: false
    resolution:
      integrity: sha1-2pN/emLiH+wf0Y1Js1wpNQZ6bHI=
  /use/3.1.1:
    dev: false
    engines:
      node: '>=0.10.0'
    resolution:
      integrity: sha512-cwESVXlO3url9YWlFW/TA9cshCEhtu7IKJ/p5soJ/gGpj7vbvFrAY/eIioQ6Dw23KjZhYgiIo8HOs1nQ2vr/oQ==
  /wrappy/1.0.2:
    dev: false
    resolution:
      integrity: sha1-tSQ9jz7BqjXxNkYFvA0QNuMKtp8=
specifiers:
  front-matter: ^3.0.2
  globby: ^9.2.0
  loader-utils: ^1.2.3
  markdown-it: ^8.4.2
  markdown-it-attrs: ^2.3.4
  markdown-it-highlightjs: ^3.0.0
  prettier: ^1.17.0
